
Microsoft Visual Studio Solution File, Format Version 12.00
# Visual Studio Version 17
VisualStudioVersion = 17.14.36202.13
MinimumVisualStudioVersion = 10.0.40219.1
Project("{FAE04EC0-301F-11D3-BF4B-00C04F79EFBC}") = "UrlShortener.Domain", "UrlShortener.Domain\UrlShortener.Domain.csproj", "{C4E4FB85-0C29-443E-8FBE-8CD6CB72B1C7}"
EndProject
Project("{FAE04EC0-301F-11D3-BF4B-00C04F79EFBC}") = "UrlShortener.Application", "UrlShortener.Application\UrlShortener.Application.csproj", "{A69F1301-BAD9-49A1-9037-6E5353D4504A}"
EndProject
Project("{FAE04EC0-301F-11D3-BF4B-00C04F79EFBC}") = "UrlShortener.Infrastructure", "UrlShortener.Infrastructure\UrlShortener.Infrastructure.csproj", "{40148630-66EB-4918-A2B3-F9EAB784C4CA}"
EndProject
Project("{FAE04EC0-301F-11D3-BF4B-00C04F79EFBC}") = "UrlShortener.Api", "UrlShortener.Api\UrlShortener.Api.csproj", "{0EA5013B-6BD6-49DC-AD57-25A5B918C14D}"
EndProject
Project("{FAE04EC0-301F-11D3-BF4B-00C04F79EFBC}") = "UrlShortener.WebApp", "UrlShortener.WebApp\UrlShortener.WebApp.csproj", "{200B4414-0779-42D7-A6B1-ECD8BE113E20}"
EndProject
Global
	GlobalSection(SolutionConfigurationPlatforms) = preSolution
		Debug|Any CPU = Debug|Any CPU
		Release|Any CPU = Release|Any CPU
	EndGlobalSection
	GlobalSection(ProjectConfigurationPlatforms) = postSolution
		{C4E4FB85-0C29-443E-8FBE-8CD6CB72B1C7}.Debug|Any CPU.ActiveCfg = Debug|Any CPU
		{C4E4FB85-0C29-443E-8FBE-8CD6CB72B1C7}.Debug|Any CPU.Build.0 = Debug|Any CPU
		{C4E4FB85-0C29-443E-8FBE-8CD6CB72B1C7}.Release|Any CPU.ActiveCfg = Release|Any CPU
		{C4E4FB85-0C29-443E-8FBE-8CD6CB72B1C7}.Release|Any CPU.Build.0 = Release|Any CPU
		{A69F1301-BAD9-49A1-9037-6E5353D4504A}.Debug|Any CPU.ActiveCfg = Debug|Any CPU
		{A69F1301-BAD9-49A1-9037-6E5353D4504A}.Debug|Any CPU.Build.0 = Debug|Any CPU
		{A69F1301-BAD9-49A1-9037-6E5353D4504A}.Release|Any CPU.ActiveCfg = Release|Any CPU
		{A69F1301-BAD9-49A1-9037-6E5353D4504A}.Release|Any CPU.Build.0 = Release|Any CPU
		{40148630-66EB-4918-A2B3-F9EAB784C4CA}.Debug|Any CPU.ActiveCfg = Debug|Any CPU
		{40148630-66EB-4918-A2B3-F9EAB784C4CA}.Debug|Any CPU.Build.0 = Debug|Any CPU
		{40148630-66EB-4918-A2B3-F9EAB784C4CA}.Release|Any CPU.ActiveCfg = Release|Any CPU
		{40148630-66EB-4918-A2B3-F9EAB784C4CA}.Release|Any CPU.Build.0 = Release|Any CPU
		{0EA5013B-6BD6-49DC-AD57-25A5B918C14D}.Debug|Any CPU.ActiveCfg = Debug|Any CPU
		{0EA5013B-6BD6-49DC-AD57-25A5B918C14D}.Debug|Any CPU.Build.0 = Debug|Any CPU
		{0EA5013B-6BD6-49DC-AD57-25A5B918C14D}.Release|Any CPU.ActiveCfg = Release|Any CPU
		{0EA5013B-6BD6-49DC-AD57-25A5B918C14D}.Release|Any CPU.Build.0 = Release|Any CPU
		{200B4414-0779-42D7-A6B1-ECD8BE113E20}.Debug|Any CPU.ActiveCfg = Debug|Any CPU
		{200B4414-0779-42D7-A6B1-ECD8BE113E20}.Debug|Any CPU.Build.0 = Debug|Any CPU
		{200B4414-0779-42D7-A6B1-ECD8BE113E20}.Release|Any CPU.ActiveCfg = Release|Any CPU
		{200B4414-0779-42D7-A6B1-ECD8BE113E20}.Release|Any CPU.Build.0 = Release|Any CPU
	EndGlobalSection
	GlobalSection(SolutionProperties) = preSolution
		HideSolutionNode = FALSE
	EndGlobalSection
	GlobalSection(ExtensibilityGlobals) = postSolution
		SolutionGuid = {92C7F67C-E749-45E7-A74F-921F3BC55DEF}
	EndGlobalSection
EndGlobal
